
Microsoft Visual Studio Solution File, Format Version 12.00
# Visual Studio 15
VisualStudioVersion = 15.0.28010.2046
MinimumVisualStudioVersion = 10.0.40219.1
Project("{FAE04EC0-301F-11D3-BF4B-00C04F79EFBC}") = "DonutChart.Android", "DonutChart\DonutChart.Android\DonutChart.Android.csproj", "{E878F658-402E-4889-98D5-2AE7B3E06E9A}"
EndProject
Project("{FAE04EC0-301F-11D3-BF4B-00C04F79EFBC}") = "DonutChart.iOS", "DonutChart\DonutChart.iOS\DonutChart.iOS.csproj", "{C6D2E218-E5C1-4B85-8E5D-325FD9DEACA4}"
EndProject
Project("{FAE04EC0-301F-11D3-BF4B-00C04F79EFBC}") = "DonutChart.UWP", "DonutChart\DonutChart.UWP\DonutChart.UWP.csproj", "{0EFA6696-4ADD-443C-9B7C-CD4233C0938A}"
EndProject
Project("{9A19103F-16F7-4668-BE54-9A1E7A4F7556}") = "DonutChart", "DonutChart\DonutChart\DonutChart.csproj", "{1603B3A1-93D1-4B3D-9D69-4C2E978D8E5D}"
EndProject
Project("{FAE04EC0-301F-11D3-BF4B-00C04F79EFBC}") = "PicassoBindingLib", "PicassoBindingLib\PicassoBindingLib.csproj", "{EC55710E-20F3-4E76-A05D-11280FDA98B3}"
EndProject
Global
	GlobalSection(SolutionConfigurationPlatforms) = preSolution
		Ad-Hoc|Any CPU = Ad-Hoc|Any CPU
		Ad-Hoc|ARM = Ad-Hoc|ARM
		Ad-Hoc|iPhone = Ad-Hoc|iPhone
		Ad-Hoc|iPhoneSimulator = Ad-Hoc|iPhoneSimulator
		Ad-Hoc|x64 = Ad-Hoc|x64
		Ad-Hoc|x86 = Ad-Hoc|x86
		AppStore|Any CPU = AppStore|Any CPU
		AppStore|ARM = AppStore|ARM
		AppStore|iPhone = AppStore|iPhone
		AppStore|iPhoneSimulator = AppStore|iPhoneSimulator
		AppStore|x64 = AppStore|x64
		AppStore|x86 = AppStore|x86
		Debug|Any CPU = Debug|Any CPU
		Debug|ARM = Debug|ARM
		Debug|iPhone = Debug|iPhone
		Debug|iPhoneSimulator = Debug|iPhoneSimulator
		Debug|x64 = Debug|x64
		Debug|x86 = Debug|x86
		Release|Any CPU = Release|Any CPU
		Release|ARM = Release|ARM
		Release|iPhone = Release|iPhone
		Release|iPhoneSimulator = Release|iPhoneSimulator
		Release|x64 = Release|x64
		Release|x86 = Release|x86
	EndGlobalSection
	GlobalSection(ProjectConfigurationPlatforms) = postSolution
		{E878F658-402E-4889-98D5-2AE7B3E06E9A}.Ad-Hoc|Any CPU.ActiveCfg = Release|Any CPU
		{E878F658-402E-4889-98D5-2AE7B3E06E9A}.Ad-Hoc|Any CPU.Build.0 = Release|Any CPU
		{E878F658-402E-4889-98D5-2AE7B3E06E9A}.Ad-Hoc|Any CPU.Deploy.0 = Release|Any CPU
		{E878F658-402E-4889-98D5-2AE7B3E06E9A}.Ad-Hoc|ARM.ActiveCfg = Release|Any CPU
		{E878F658-402E-4889-98D5-2AE7B3E06E9A}.Ad-Hoc|ARM.Build.0 = Release|Any CPU
		{E878F658-402E-4889-98D5-2AE7B3E06E9A}.Ad-Hoc|ARM.Deploy.0 = Release|Any CPU
		{E878F658-402E-4889-98D5-2AE7B3E06E9A}.Ad-Hoc|iPhone.ActiveCfg = Release|Any CPU
		{E878F658-402E-4889-98D5-2AE7B3E06E9A}.Ad-Hoc|iPhone.Build.0 = Release|Any CPU
		{E878F658-402E-4889-98D5-2AE7B3E06E9A}.Ad-Hoc|iPhone.Deploy.0 = Release|Any CPU
		{E878F658-402E-4889-98D5-2AE7B3E06E9A}.Ad-Hoc|iPhoneSimulator.ActiveCfg = Release|Any CPU
		{E878F658-402E-4889-98D5-2AE7B3E06E9A}.Ad-Hoc|iPhoneSimulator.Build.0 = Release|Any CPU
		{E878F658-402E-4889-98D5-2AE7B3E06E9A}.Ad-Hoc|iPhoneSimulator.Deploy.0 = Release|Any CPU
		{E878F658-402E-4889-98D5-2AE7B3E06E9A}.Ad-Hoc|x64.ActiveCfg = Release|Any CPU
		{E878F658-402E-4889-98D5-2AE7B3E06E9A}.Ad-Hoc|x64.Build.0 = Release|Any CPU
		{E878F658-402E-4889-98D5-2AE7B3E06E9A}.Ad-Hoc|x64.Deploy.0 = Release|Any CPU
		{E878F658-402E-4889-98D5-2AE7B3E06E9A}.Ad-Hoc|x86.ActiveCfg = Release|Any CPU
		{E878F658-402E-4889-98D5-2AE7B3E06E9A}.Ad-Hoc|x86.Build.0 = Release|Any CPU
		{E878F658-402E-4889-98D5-2AE7B3E06E9A}.Ad-Hoc|x86.Deploy.0 = Release|Any CPU
		{E878F658-402E-4889-98D5-2AE7B3E06E9A}.AppStore|Any CPU.ActiveCfg = Release|Any CPU
		{E878F658-402E-4889-98D5-2AE7B3E06E9A}.AppStore|Any CPU.Build.0 = Release|Any CPU
		{E878F658-402E-4889-98D5-2AE7B3E06E9A}.AppStore|Any CPU.Deploy.0 = Release|Any CPU
		{E878F658-402E-4889-98D5-2AE7B3E06E9A}.AppStore|ARM.ActiveCfg = Release|Any CPU
		{E878F658-402E-4889-98D5-2AE7B3E06E9A}.AppStore|ARM.Build.0 = Release|Any CPU
		{E878F658-402E-4889-98D5-2AE7B3E06E9A}.AppStore|ARM.Deploy.0 = Release|Any CPU
		{E878F658-402E-4889-98D5-2AE7B3E06E9A}.AppStore|iPhone.ActiveCfg = Release|Any CPU
		{E878F658-402E-4889-98D5-2AE7B3E06E9A}.AppStore|iPhone.Build.0 = Release|Any CPU
		{E878F658-402E-4889-98D5-2AE7B3E06E9A}.AppStore|iPhone.Deploy.0 = Release|Any CPU
		{E878F658-402E-4889-98D5-2AE7B3E06E9A}.AppStore|iPhoneSimulator.ActiveCfg = Release|Any CPU
		{E878F658-402E-4889-98D5-2AE7B3E06E9A}.AppStore|iPhoneSimulator.Build.0 = Release|Any CPU
		{E878F658-402E-4889-98D5-2AE7B3E06E9A}.AppStore|iPhoneSimulator.Deploy.0 = Release|Any CPU
		{E878F658-402E-4889-98D5-2AE7B3E06E9A}.AppStore|x64.ActiveCfg = Release|Any CPU
		{E878F658-402E-4889-98D5-2AE7B3E06E9A}.AppStore|x64.Build.0 = Release|Any CPU
		{E878F658-402E-4889-98D5-2AE7B3E06E9A}.AppStore|x64.Deploy.0 = Release|Any CPU
		{E878F658-402E-4889-98D5-2AE7B3E06E9A}.AppStore|x86.ActiveCfg = Release|Any CPU
		{E878F658-402E-4889-98D5-2AE7B3E06E9A}.AppStore|x86.Build.0 = Release|Any CPU
		{E878F658-402E-4889-98D5-2AE7B3E06E9A}.AppStore|x86.Deploy.0 = Release|Any CPU
		{E878F658-402E-4889-98D5-2AE7B3E06E9A}.Debug|Any CPU.ActiveCfg = Debug|Any CPU
		{E878F658-402E-4889-98D5-2AE7B3E06E9A}.Debug|Any CPU.Build.0 = Debug|Any CPU
		{E878F658-402E-4889-98D5-2AE7B3E06E9A}.Debug|Any CPU.Deploy.0 = Debug|Any CPU
		{E878F658-402E-4889-98D5-2AE7B3E06E9A}.Debug|ARM.ActiveCfg = Debug|Any CPU
		{E878F658-402E-4889-98D5-2AE7B3E06E9A}.Debug|ARM.Build.0 = Debug|Any CPU
		{E878F658-402E-4889-98D5-2AE7B3E06E9A}.Debug|ARM.Deploy.0 = Debug|Any CPU
		{E878F658-402E-4889-98D5-2AE7B3E06E9A}.Debug|iPhone.ActiveCfg = Debug|Any CPU
		{E878F658-402E-4889-98D5-2AE7B3E06E9A}.Debug|iPhone.Build.0 = Debug|Any CPU
		{E878F658-402E-4889-98D5-2AE7B3E06E9A}.Debug|iPhone.Deploy.0 = Debug|Any CPU
		{E878F658-402E-4889-98D5-2AE7B3E06E9A}.Debug|iPhoneSimulator.ActiveCfg = Debug|Any CPU
		{E878F658-402E-4889-98D5-2AE7B3E06E9A}.Debug|iPhoneSimulator.Build.0 = Debug|Any CPU
		{E878F658-402E-4889-98D5-2AE7B3E06E9A}.Debug|iPhoneSimulator.Deploy.0 = Debug|Any CPU
		{E878F658-402E-4889-98D5-2AE7B3E06E9A}.Debug|x64.ActiveCfg = Debug|Any CPU
		{E878F658-402E-4889-98D5-2AE7B3E06E9A}.Debug|x64.Build.0 = Debug|Any CPU
		{E878F658-402E-4889-98D5-2AE7B3E06E9A}.Debug|x64.Deploy.0 = Debug|Any CPU
		{E878F658-402E-4889-98D5-2AE7B3E06E9A}.Debug|x86.ActiveCfg = Debug|Any CPU
		{E878F658-402E-4889-98D5-2AE7B3E06E9A}.Debug|x86.Build.0 = Debug|Any CPU
		{E878F658-402E-4889-98D5-2AE7B3E06E9A}.Debug|x86.Deploy.0 = Debug|Any CPU
		{E878F658-402E-4889-98D5-2AE7B3E06E9A}.Release|Any CPU.ActiveCfg = Release|Any CPU
		{E878F658-402E-4889-98D5-2AE7B3E06E9A}.Release|Any CPU.Build.0 = Release|Any CPU
		{E878F658-402E-4889-98D5-2AE7B3E06E9A}.Release|Any CPU.Deploy.0 = Release|Any CPU
		{E878F658-402E-4889-98D5-2AE7B3E06E9A}.Release|ARM.ActiveCfg = Release|Any CPU
		{E878F658-402E-4889-98D5-2AE7B3E06E9A}.Release|ARM.Build.0 = Release|Any CPU
		{E878F658-402E-4889-98D5-2AE7B3E06E9A}.Release|ARM.Deploy.0 = Release|Any CPU
		{E878F658-402E-4889-98D5-2AE7B3E06E9A}.Release|iPhone.ActiveCfg = Release|Any CPU
		{E878F658-402E-4889-98D5-2AE7B3E06E9A}.Release|iPhone.Build.0 = Release|Any CPU
		{E878F658-402E-4889-98D5-2AE7B3E06E9A}.Release|iPhone.Deploy.0 = Release|Any CPU
		{E878F658-402E-4889-98D5-2AE7B3E06E9A}.Release|iPhoneSimulator.ActiveCfg = Release|Any CPU
		{E878F658-402E-4889-98D5-2AE7B3E06E9A}.Release|iPhoneSimulator.Build.0 = Release|Any CPU
		{E878F658-402E-4889-98D5-2AE7B3E06E9A}.Release|iPhoneSimulator.Deploy.0 = Release|Any CPU
		{E878F658-402E-4889-98D5-2AE7B3E06E9A}.Release|x64.ActiveCfg = Release|Any CPU
		{E878F658-402E-4889-98D5-2AE7B3E06E9A}.Release|x64.Build.0 = Release|Any CPU
		{E878F658-402E-4889-98D5-2AE7B3E06E9A}.Release|x64.Deploy.0 = Release|Any CPU
		{E878F658-402E-4889-98D5-2AE7B3E06E9A}.Release|x86.ActiveCfg = Release|Any CPU
		{E878F658-402E-4889-98D5-2AE7B3E06E9A}.Release|x86.Build.0 = Release|Any CPU
		{E878F658-402E-4889-98D5-2AE7B3E06E9A}.Release|x86.Deploy.0 = Release|Any CPU
		{C6D2E218-E5C1-4B85-8E5D-325FD9DEACA4}.Ad-Hoc|Any CPU.ActiveCfg = Ad-Hoc|iPhone
		{C6D2E218-E5C1-4B85-8E5D-325FD9DEACA4}.Ad-Hoc|Any CPU.Build.0 = Ad-Hoc|iPhone
		{C6D2E218-E5C1-4B85-8E5D-325FD9DEACA4}.Ad-Hoc|Any CPU.Deploy.0 = Ad-Hoc|iPhone
		{C6D2E218-E5C1-4B85-8E5D-325FD9DEACA4}.Ad-Hoc|ARM.ActiveCfg = Ad-Hoc|iPhone
		{C6D2E218-E5C1-4B85-8E5D-325FD9DEACA4}.Ad-Hoc|ARM.Build.0 = Ad-Hoc|iPhone
		{C6D2E218-E5C1-4B85-8E5D-325FD9DEACA4}.Ad-Hoc|ARM.Deploy.0 = Ad-Hoc|iPhone
		{C6D2E218-E5C1-4B85-8E5D-325FD9DEACA4}.Ad-Hoc|iPhone.ActiveCfg = Ad-Hoc|iPhone
		{C6D2E218-E5C1-4B85-8E5D-325FD9DEACA4}.Ad-Hoc|iPhone.Build.0 = Ad-Hoc|iPhone
		{C6D2E218-E5C1-4B85-8E5D-325FD9DEACA4}.Ad-Hoc|iPhone.Deploy.0 = Ad-Hoc|iPhone
		{C6D2E218-E5C1-4B85-8E5D-325FD9DEACA4}.Ad-Hoc|iPhoneSimulator.ActiveCfg = Ad-Hoc|iPhoneSimulator
		{C6D2E218-E5C1-4B85-8E5D-325FD9DEACA4}.Ad-Hoc|iPhoneSimulator.Build.0 = Ad-Hoc|iPhoneSimulator
		{C6D2E218-E5C1-4B85-8E5D-325FD9DEACA4}.Ad-Hoc|iPhoneSimulator.Deploy.0 = Ad-Hoc|iPhoneSimulator
		{C6D2E218-E5C1-4B85-8E5D-325FD9DEACA4}.Ad-Hoc|x64.ActiveCfg = Ad-Hoc|iPhone
		{C6D2E218-E5C1-4B85-8E5D-325FD9DEACA4}.Ad-Hoc|x64.Build.0 = Ad-Hoc|iPhone
		{C6D2E218-E5C1-4B85-8E5D-325FD9DEACA4}.Ad-Hoc|x64.Deploy.0 = Ad-Hoc|iPhone
		{C6D2E218-E5C1-4B85-8E5D-325FD9DEACA4}.Ad-Hoc|x86.ActiveCfg = Ad-Hoc|iPhone
		{C6D2E218-E5C1-4B85-8E5D-325FD9DEACA4}.Ad-Hoc|x86.Build.0 = Ad-Hoc|iPhone
		{C6D2E218-E5C1-4B85-8E5D-325FD9DEACA4}.Ad-Hoc|x86.Deploy.0 = Ad-Hoc|iPhone
		{C6D2E218-E5C1-4B85-8E5D-325FD9DEACA4}.AppStore|Any CPU.ActiveCfg = AppStore|iPhone
		{C6D2E218-E5C1-4B85-8E5D-325FD9DEACA4}.AppStore|Any CPU.Build.0 = AppStore|iPhone
		{C6D2E218-E5C1-4B85-8E5D-325FD9DEACA4}.AppStore|Any CPU.Deploy.0 = AppStore|iPhone
		{C6D2E218-E5C1-4B85-8E5D-325FD9DEACA4}.AppStore|ARM.ActiveCfg = AppStore|iPhone
		{C6D2E218-E5C1-4B85-8E5D-325FD9DEACA4}.AppStore|ARM.Build.0 = AppStore|iPhone
		{C6D2E218-E5C1-4B85-8E5D-325FD9DEACA4}.AppStore|ARM.Deploy.0 = AppStore|iPhone
		{C6D2E218-E5C1-4B85-8E5D-325FD9DEACA4}.AppStore|iPhone.ActiveCfg = AppStore|iPhone
		{C6D2E218-E5C1-4B85-8E5D-325FD9DEACA4}.AppStore|iPhone.Build.0 = AppStore|iPhone
		{C6D2E218-E5C1-4B85-8E5D-325FD9DEACA4}.AppStore|iPhone.Deploy.0 = AppStore|iPhone
		{C6D2E218-E5C1-4B85-8E5D-325FD9DEACA4}.AppStore|iPhoneSimulator.ActiveCfg = AppStore|iPhoneSimulator
		{C6D2E218-E5C1-4B85-8E5D-325FD9DEACA4}.AppStore|iPhoneSimulator.Build.0 = AppStore|iPhoneSimulator
		{C6D2E218-E5C1-4B85-8E5D-325FD9DEACA4}.AppStore|iPhoneSimulator.Deploy.0 = AppStore|iPhoneSimulator
		{C6D2E218-E5C1-4B85-8E5D-325FD9DEACA4}.AppStore|x64.ActiveCfg = AppStore|iPhone
		{C6D2E218-E5C1-4B85-8E5D-325FD9DEACA4}.AppStore|x64.Build.0 = AppStore|iPhone
		{C6D2E218-E5C1-4B85-8E5D-325FD9DEACA4}.AppStore|x64.Deploy.0 = AppStore|iPhone
		{C6D2E218-E5C1-4B85-8E5D-325FD9DEACA4}.AppStore|x86.ActiveCfg = AppStore|iPhone
		{C6D2E218-E5C1-4B85-8E5D-325FD9DEACA4}.AppStore|x86.Build.0 = AppStore|iPhone
		{C6D2E218-E5C1-4B85-8E5D-325FD9DEACA4}.AppStore|x86.Deploy.0 = AppStore|iPhone
		{C6D2E218-E5C1-4B85-8E5D-325FD9DEACA4}.Debug|Any CPU.ActiveCfg = Debug|iPhoneSimulator
		{C6D2E218-E5C1-4B85-8E5D-325FD9DEACA4}.Debug|Any CPU.Build.0 = Debug|iPhoneSimulator
		{C6D2E218-E5C1-4B85-8E5D-325FD9DEACA4}.Debug|Any CPU.Deploy.0 = Debug|iPhoneSimulator
		{C6D2E218-E5C1-4B85-8E5D-325FD9DEACA4}.Debug|ARM.ActiveCfg = Debug|iPhone
		{C6D2E218-E5C1-4B85-8E5D-325FD9DEACA4}.Debug|ARM.Build.0 = Debug|iPhone
		{C6D2E218-E5C1-4B85-8E5D-325FD9DEACA4}.Debug|ARM.Deploy.0 = Debug|iPhone
		{C6D2E218-E5C1-4B85-8E5D-325FD9DEACA4}.Debug|iPhone.ActiveCfg = Debug|iPhone
		{C6D2E218-E5C1-4B85-8E5D-325FD9DEACA4}.Debug|iPhone.Build.0 = Debug|iPhone
		{C6D2E218-E5C1-4B85-8E5D-325FD9DEACA4}.Debug|iPhone.Deploy.0 = Debug|iPhone
		{C6D2E218-E5C1-4B85-8E5D-325FD9DEACA4}.Debug|iPhoneSimulator.ActiveCfg = Debug|iPhoneSimulator
		{C6D2E218-E5C1-4B85-8E5D-325FD9DEACA4}.Debug|iPhoneSimulator.Build.0 = Debug|iPhoneSimulator
		{C6D2E218-E5C1-4B85-8E5D-325FD9DEACA4}.Debug|iPhoneSimulator.Deploy.0 = Debug|iPhoneSimulator
		{C6D2E218-E5C1-4B85-8E5D-325FD9DEACA4}.Debug|x64.ActiveCfg = Debug|iPhone
		{C6D2E218-E5C1-4B85-8E5D-325FD9DEACA4}.Debug|x64.Build.0 = Debug|iPhone
		{C6D2E218-E5C1-4B85-8E5D-325FD9DEACA4}.Debug|x64.Deploy.0 = Debug|iPhone
		{C6D2E218-E5C1-4B85-8E5D-325FD9DEACA4}.Debug|x86.ActiveCfg = Debug|iPhone
		{C6D2E218-E5C1-4B85-8E5D-325FD9DEACA4}.Debug|x86.Build.0 = Debug|iPhone
		{C6D2E218-E5C1-4B85-8E5D-325FD9DEACA4}.Debug|x86.Deploy.0 = Debug|iPhone
		{C6D2E218-E5C1-4B85-8E5D-325FD9DEACA4}.Release|Any CPU.ActiveCfg = Release|iPhone
		{C6D2E218-E5C1-4B85-8E5D-325FD9DEACA4}.Release|Any CPU.Build.0 = Release|iPhone
		{C6D2E218-E5C1-4B85-8E5D-325FD9DEACA4}.Release|Any CPU.Deploy.0 = Release|iPhone
		{C6D2E218-E5C1-4B85-8E5D-325FD9DEACA4}.Release|ARM.ActiveCfg = Release|iPhone
		{C6D2E218-E5C1-4B85-8E5D-325FD9DEACA4}.Release|ARM.Build.0 = Release|iPhone
		{C6D2E218-E5C1-4B85-8E5D-325FD9DEACA4}.Release|ARM.Deploy.0 = Release|iPhone
		{C6D2E218-E5C1-4B85-8E5D-325FD9DEACA4}.Release|iPhone.ActiveCfg = Release|iPhone
		{C6D2E218-E5C1-4B85-8E5D-325FD9DEACA4}.Release|iPhone.Build.0 = Release|iPhone
		{C6D2E218-E5C1-4B85-8E5D-325FD9DEACA4}.Release|iPhone.Deploy.0 = Release|iPhone
		{C6D2E218-E5C1-4B85-8E5D-325FD9DEACA4}.Release|iPhoneSimulator.ActiveCfg = Release|iPhoneSimulator
		{C6D2E218-E5C1-4B85-8E5D-325FD9DEACA4}.Release|iPhoneSimulator.Build.0 = Release|iPhoneSimulator
		{C6D2E218-E5C1-4B85-8E5D-325FD9DEACA4}.Release|iPhoneSimulator.Deploy.0 = Release|iPhoneSimulator
		{C6D2E218-E5C1-4B85-8E5D-325FD9DEACA4}.Release|x64.ActiveCfg = Release|iPhone
		{C6D2E218-E5C1-4B85-8E5D-325FD9DEACA4}.Release|x64.Build.0 = Release|iPhone
		{C6D2E218-E5C1-4B85-8E5D-325FD9DEACA4}.Release|x64.Deploy.0 = Release|iPhone
		{C6D2E218-E5C1-4B85-8E5D-325FD9DEACA4}.Release|x86.ActiveCfg = Release|iPhone
		{C6D2E218-E5C1-4B85-8E5D-325FD9DEACA4}.Release|x86.Build.0 = Release|iPhone
		{C6D2E218-E5C1-4B85-8E5D-325FD9DEACA4}.Release|x86.Deploy.0 = Release|iPhone
		{0EFA6696-4ADD-443C-9B7C-CD4233C0938A}.Ad-Hoc|Any CPU.ActiveCfg = Release|x86
		{0EFA6696-4ADD-443C-9B7C-CD4233C0938A}.Ad-Hoc|Any CPU.Build.0 = Release|x86
		{0EFA6696-4ADD-443C-9B7C-CD4233C0938A}.Ad-Hoc|Any CPU.Deploy.0 = Release|x86
		{0EFA6696-4ADD-443C-9B7C-CD4233C0938A}.Ad-Hoc|ARM.ActiveCfg = Release|ARM
		{0EFA6696-4ADD-443C-9B7C-CD4233C0938A}.Ad-Hoc|ARM.Build.0 = Release|ARM
		{0EFA6696-4ADD-443C-9B7C-CD4233C0938A}.Ad-Hoc|ARM.Deploy.0 = Release|ARM
		{0EFA6696-4ADD-443C-9B7C-CD4233C0938A}.Ad-Hoc|iPhone.ActiveCfg = Release|x86
		{0EFA6696-4ADD-443C-9B7C-CD4233C0938A}.Ad-Hoc|iPhone.Build.0 = Release|x86
		{0EFA6696-4ADD-443C-9B7C-CD4233C0938A}.Ad-Hoc|iPhone.Deploy.0 = Release|x86
		{0EFA6696-4ADD-443C-9B7C-CD4233C0938A}.Ad-Hoc|iPhoneSimulator.ActiveCfg = Release|x86
		{0EFA6696-4ADD-443C-9B7C-CD4233C0938A}.Ad-Hoc|iPhoneSimulator.Build.0 = Release|x86
		{0EFA6696-4ADD-443C-9B7C-CD4233C0938A}.Ad-Hoc|iPhoneSimulator.Deploy.0 = Release|x86
		{0EFA6696-4ADD-443C-9B7C-CD4233C0938A}.Ad-Hoc|x64.ActiveCfg = Release|x64
		{0EFA6696-4ADD-443C-9B7C-CD4233C0938A}.Ad-Hoc|x64.Build.0 = Release|x64
		{0EFA6696-4ADD-443C-9B7C-CD4233C0938A}.Ad-Hoc|x64.Deploy.0 = Release|x64
		{0EFA6696-4ADD-443C-9B7C-CD4233C0938A}.Ad-Hoc|x86.ActiveCfg = Release|x86
		{0EFA6696-4ADD-443C-9B7C-CD4233C0938A}.Ad-Hoc|x86.Build.0 = Release|x86
		{0EFA6696-4ADD-443C-9B7C-CD4233C0938A}.Ad-Hoc|x86.Deploy.0 = Release|x86
		{0EFA6696-4ADD-443C-9B7C-CD4233C0938A}.AppStore|Any CPU.ActiveCfg = Release|x86
		{0EFA6696-4ADD-443C-9B7C-CD4233C0938A}.AppStore|Any CPU.Build.0 = Release|x86
		{0EFA6696-4ADD-443C-9B7C-CD4233C0938A}.AppStore|Any CPU.Deploy.0 = Release|x86
		{0EFA6696-4ADD-443C-9B7C-CD4233C0938A}.AppStore|ARM.ActiveCfg = Release|ARM
		{0EFA6696-4ADD-443C-9B7C-CD4233C0938A}.AppStore|ARM.Build.0 = Release|ARM
		{0EFA6696-4ADD-443C-9B7C-CD4233C0938A}.AppStore|ARM.Deploy.0 = Release|ARM
		{0EFA6696-4ADD-443C-9B7C-CD4233C0938A}.AppStore|iPhone.ActiveCfg = Release|x86
		{0EFA6696-4ADD-443C-9B7C-CD4233C0938A}.AppStore|iPhone.Build.0 = Release|x86
		{0EFA6696-4ADD-443C-9B7C-CD4233C0938A}.AppStore|iPhone.Deploy.0 = Release|x86
		{0EFA6696-4ADD-443C-9B7C-CD4233C0938A}.AppStore|iPhoneSimulator.ActiveCfg = Release|x86
		{0EFA6696-4ADD-443C-9B7C-CD4233C0938A}.AppStore|iPhoneSimulator.Build.0 = Release|x86
		{0EFA6696-4ADD-443C-9B7C-CD4233C0938A}.AppStore|iPhoneSimulator.Deploy.0 = Release|x86
		{0EFA6696-4ADD-443C-9B7C-CD4233C0938A}.AppStore|x64.ActiveCfg = Release|x64
		{0EFA6696-4ADD-443C-9B7C-CD4233C0938A}.AppStore|x64.Build.0 = Release|x64
		{0EFA6696-4ADD-443C-9B7C-CD4233C0938A}.AppStore|x64.Deploy.0 = Release|x64
		{0EFA6696-4ADD-443C-9B7C-CD4233C0938A}.AppStore|x86.ActiveCfg = Release|x86
		{0EFA6696-4ADD-443C-9B7C-CD4233C0938A}.AppStore|x86.Build.0 = Release|x86
		{0EFA6696-4ADD-443C-9B7C-CD4233C0938A}.AppStore|x86.Deploy.0 = Release|x86
		{0EFA6696-4ADD-443C-9B7C-CD4233C0938A}.Debug|Any CPU.ActiveCfg = Debug|x86
		{0EFA6696-4ADD-443C-9B7C-CD4233C0938A}.Debug|Any CPU.Build.0 = Debug|x86
		{0EFA6696-4ADD-443C-9B7C-CD4233C0938A}.Debug|Any CPU.Deploy.0 = Debug|x86
		{0EFA6696-4ADD-443C-9B7C-CD4233C0938A}.Debug|ARM.ActiveCfg = Debug|ARM
		{0EFA6696-4ADD-443C-9B7C-CD4233C0938A}.Debug|ARM.Build.0 = Debug|ARM
		{0EFA6696-4ADD-443C-9B7C-CD4233C0938A}.Debug|ARM.Deploy.0 = Debug|ARM
		{0EFA6696-4ADD-443C-9B7C-CD4233C0938A}.Debug|iPhone.ActiveCfg = Debug|x86
		{0EFA6696-4ADD-443C-9B7C-CD4233C0938A}.Debug|iPhone.Build.0 = Debug|x86
		{0EFA6696-4ADD-443C-9B7C-CD4233C0938A}.Debug|iPhone.Deploy.0 = Debug|x86
		{0EFA6696-4ADD-443C-9B7C-CD4233C0938A}.Debug|iPhoneSimulator.ActiveCfg = Debug|x86
		{0EFA6696-4ADD-443C-9B7C-CD4233C0938A}.Debug|iPhoneSimulator.Build.0 = Debug|x86
		{0EFA6696-4ADD-443C-9B7C-CD4233C0938A}.Debug|iPhoneSimulator.Deploy.0 = Debug|x86
		{0EFA6696-4ADD-443C-9B7C-CD4233C0938A}.Debug|x64.ActiveCfg = Debug|x64
		{0EFA6696-4ADD-443C-9B7C-CD4233C0938A}.Debug|x64.Build.0 = Debug|x64
		{0EFA6696-4ADD-443C-9B7C-CD4233C0938A}.Debug|x64.Deploy.0 = Debug|x64
		{0EFA6696-4ADD-443C-9B7C-CD4233C0938A}.Debug|x86.ActiveCfg = Debug|x86
		{0EFA6696-4ADD-443C-9B7C-CD4233C0938A}.Debug|x86.Build.0 = Debug|x86
		{0EFA6696-4ADD-443C-9B7C-CD4233C0938A}.Debug|x86.Deploy.0 = Debug|x86
		{0EFA6696-4ADD-443C-9B7C-CD4233C0938A}.Release|Any CPU.ActiveCfg = Release|x86
		{0EFA6696-4ADD-443C-9B7C-CD4233C0938A}.Release|Any CPU.Build.0 = Release|x86
		{0EFA6696-4ADD-443C-9B7C-CD4233C0938A}.Release|Any CPU.Deploy.0 = Release|x86
		{0EFA6696-4ADD-443C-9B7C-CD4233C0938A}.Release|ARM.ActiveCfg = Release|ARM
		{0EFA6696-4ADD-443C-9B7C-CD4233C0938A}.Release|ARM.Build.0 = Release|ARM
		{0EFA6696-4ADD-443C-9B7C-CD4233C0938A}.Release|ARM.Deploy.0 = Release|ARM
		{0EFA6696-4ADD-443C-9B7C-CD4233C0938A}.Release|iPhone.ActiveCfg = Release|x86
		{0EFA6696-4ADD-443C-9B7C-CD4233C0938A}.Release|iPhone.Build.0 = Release|x86
		{0EFA6696-4ADD-443C-9B7C-CD4233C0938A}.Release|iPhone.Deploy.0 = Release|x86
		{0EFA6696-4ADD-443C-9B7C-CD4233C0938A}.Release|iPhoneSimulator.ActiveCfg = Release|x86
		{0EFA6696-4ADD-443C-9B7C-CD4233C0938A}.Release|iPhoneSimulator.Build.0 = Release|x86
		{0EFA6696-4ADD-443C-9B7C-CD4233C0938A}.Release|iPhoneSimulator.Deploy.0 = Release|x86
		{0EFA6696-4ADD-443C-9B7C-CD4233C0938A}.Release|x64.ActiveCfg = Release|x64
		{0EFA6696-4ADD-443C-9B7C-CD4233C0938A}.Release|x64.Build.0 = Release|x64
		{0EFA6696-4ADD-443C-9B7C-CD4233C0938A}.Release|x64.Deploy.0 = Release|x64
		{0EFA6696-4ADD-443C-9B7C-CD4233C0938A}.Release|x86.ActiveCfg = Release|x86
		{0EFA6696-4ADD-443C-9B7C-CD4233C0938A}.Release|x86.Build.0 = Release|x86
		{0EFA6696-4ADD-443C-9B7C-CD4233C0938A}.Release|x86.Deploy.0 = Release|x86
		{1603B3A1-93D1-4B3D-9D69-4C2E978D8E5D}.Ad-Hoc|Any CPU.ActiveCfg = Debug|Any CPU
		{1603B3A1-93D1-4B3D-9D69-4C2E978D8E5D}.Ad-Hoc|Any CPU.Build.0 = Debug|Any CPU
		{1603B3A1-93D1-4B3D-9D69-4C2E978D8E5D}.Ad-Hoc|Any CPU.Deploy.0 = Debug|Any CPU
		{1603B3A1-93D1-4B3D-9D69-4C2E978D8E5D}.Ad-Hoc|ARM.ActiveCfg = Debug|Any CPU
		{1603B3A1-93D1-4B3D-9D69-4C2E978D8E5D}.Ad-Hoc|ARM.Build.0 = Debug|Any CPU
		{1603B3A1-93D1-4B3D-9D69-4C2E978D8E5D}.Ad-Hoc|ARM.Deploy.0 = Debug|Any CPU
		{1603B3A1-93D1-4B3D-9D69-4C2E978D8E5D}.Ad-Hoc|iPhone.ActiveCfg = Debug|Any CPU
		{1603B3A1-93D1-4B3D-9D69-4C2E978D8E5D}.Ad-Hoc|iPhone.Build.0 = Debug|Any CPU
		{1603B3A1-93D1-4B3D-9D69-4C2E978D8E5D}.Ad-Hoc|iPhone.Deploy.0 = Debug|Any CPU
		{1603B3A1-93D1-4B3D-9D69-4C2E978D8E5D}.Ad-Hoc|iPhoneSimulator.ActiveCfg = Debug|Any CPU
		{1603B3A1-93D1-4B3D-9D69-4C2E978D8E5D}.Ad-Hoc|iPhoneSimulator.Build.0 = Debug|Any CPU
		{1603B3A1-93D1-4B3D-9D69-4C2E978D8E5D}.Ad-Hoc|iPhoneSimulator.Deploy.0 = Debug|Any CPU
		{1603B3A1-93D1-4B3D-9D69-4C2E978D8E5D}.Ad-Hoc|x64.ActiveCfg = Debug|Any CPU
		{1603B3A1-93D1-4B3D-9D69-4C2E978D8E5D}.Ad-Hoc|x64.Build.0 = Debug|Any CPU
		{1603B3A1-93D1-4B3D-9D69-4C2E978D8E5D}.Ad-Hoc|x64.Deploy.0 = Debug|Any CPU
		{1603B3A1-93D1-4B3D-9D69-4C2E978D8E5D}.Ad-Hoc|x86.ActiveCfg = Debug|Any CPU
		{1603B3A1-93D1-4B3D-9D69-4C2E978D8E5D}.Ad-Hoc|x86.Build.0 = Debug|Any CPU
		{1603B3A1-93D1-4B3D-9D69-4C2E978D8E5D}.Ad-Hoc|x86.Deploy.0 = Debug|Any CPU
		{1603B3A1-93D1-4B3D-9D69-4C2E978D8E5D}.AppStore|Any CPU.ActiveCfg = Debug|Any CPU
		{1603B3A1-93D1-4B3D-9D69-4C2E978D8E5D}.AppStore|Any CPU.Build.0 = Debug|Any CPU
		{1603B3A1-93D1-4B3D-9D69-4C2E978D8E5D}.AppStore|Any CPU.Deploy.0 = Debug|Any CPU
		{1603B3A1-93D1-4B3D-9D69-4C2E978D8E5D}.AppStore|ARM.ActiveCfg = Debug|Any CPU
		{1603B3A1-93D1-4B3D-9D69-4C2E978D8E5D}.AppStore|ARM.Build.0 = Debug|Any CPU
		{1603B3A1-93D1-4B3D-9D69-4C2E978D8E5D}.AppStore|ARM.Deploy.0 = Debug|Any CPU
		{1603B3A1-93D1-4B3D-9D69-4C2E978D8E5D}.AppStore|iPhone.ActiveCfg = Debug|Any CPU
		{1603B3A1-93D1-4B3D-9D69-4C2E978D8E5D}.AppStore|iPhone.Build.0 = Debug|Any CPU
		{1603B3A1-93D1-4B3D-9D69-4C2E978D8E5D}.AppStore|iPhone.Deploy.0 = Debug|Any CPU
		{1603B3A1-93D1-4B3D-9D69-4C2E978D8E5D}.AppStore|iPhoneSimulator.ActiveCfg = Debug|Any CPU
		{1603B3A1-93D1-4B3D-9D69-4C2E978D8E5D}.AppStore|iPhoneSimulator.Build.0 = Debug|Any CPU
		{1603B3A1-93D1-4B3D-9D69-4C2E978D8E5D}.AppStore|iPhoneSimulator.Deploy.0 = Debug|Any CPU
		{1603B3A1-93D1-4B3D-9D69-4C2E978D8E5D}.AppStore|x64.ActiveCfg = Debug|Any CPU
		{1603B3A1-93D1-4B3D-9D69-4C2E978D8E5D}.AppStore|x64.Build.0 = Debug|Any CPU
		{1603B3A1-93D1-4B3D-9D69-4C2E978D8E5D}.AppStore|x64.Deploy.0 = Debug|Any CPU
		{1603B3A1-93D1-4B3D-9D69-4C2E978D8E5D}.AppStore|x86.ActiveCfg = Debug|Any CPU
		{1603B3A1-93D1-4B3D-9D69-4C2E978D8E5D}.AppStore|x86.Build.0 = Debug|Any CPU
		{1603B3A1-93D1-4B3D-9D69-4C2E978D8E5D}.AppStore|x86.Deploy.0 = Debug|Any CPU
		{1603B3A1-93D1-4B3D-9D69-4C2E978D8E5D}.Debug|Any CPU.ActiveCfg = Debug|Any CPU
		{1603B3A1-93D1-4B3D-9D69-4C2E978D8E5D}.Debug|Any CPU.Build.0 = Debug|Any CPU
		{1603B3A1-93D1-4B3D-9D69-4C2E978D8E5D}.Debug|Any CPU.Deploy.0 = Debug|Any CPU
		{1603B3A1-93D1-4B3D-9D69-4C2E978D8E5D}.Debug|ARM.ActiveCfg = Debug|Any CPU
		{1603B3A1-93D1-4B3D-9D69-4C2E978D8E5D}.Debug|ARM.Build.0 = Debug|Any CPU
		{1603B3A1-93D1-4B3D-9D69-4C2E978D8E5D}.Debug|ARM.Deploy.0 = Debug|Any CPU
		{1603B3A1-93D1-4B3D-9D69-4C2E978D8E5D}.Debug|iPhone.ActiveCfg = Debug|Any CPU
		{1603B3A1-93D1-4B3D-9D69-4C2E978D8E5D}.Debug|iPhone.Build.0 = Debug|Any CPU
		{1603B3A1-93D1-4B3D-9D69-4C2E978D8E5D}.Debug|iPhone.Deploy.0 = Debug|Any CPU
		{1603B3A1-93D1-4B3D-9D69-4C2E978D8E5D}.Debug|iPhoneSimulator.ActiveCfg = Debug|Any CPU
		{1603B3A1-93D1-4B3D-9D69-4C2E978D8E5D}.Debug|iPhoneSimulator.Build.0 = Debug|Any CPU
		{1603B3A1-93D1-4B3D-9D69-4C2E978D8E5D}.Debug|iPhoneSimulator.Deploy.0 = Debug|Any CPU
		{1603B3A1-93D1-4B3D-9D69-4C2E978D8E5D}.Debug|x64.ActiveCfg = Debug|Any CPU
		{1603B3A1-93D1-4B3D-9D69-4C2E978D8E5D}.Debug|x64.Build.0 = Debug|Any CPU
		{1603B3A1-93D1-4B3D-9D69-4C2E978D8E5D}.Debug|x64.Deploy.0 = Debug|Any CPU
		{1603B3A1-93D1-4B3D-9D69-4C2E978D8E5D}.Debug|x86.ActiveCfg = Debug|Any CPU
		{1603B3A1-93D1-4B3D-9D69-4C2E978D8E5D}.Debug|x86.Build.0 = Debug|Any CPU
		{1603B3A1-93D1-4B3D-9D69-4C2E978D8E5D}.Debug|x86.Deploy.0 = Debug|Any CPU
		{1603B3A1-93D1-4B3D-9D69-4C2E978D8E5D}.Release|Any CPU.ActiveCfg = Release|Any CPU
		{1603B3A1-93D1-4B3D-9D69-4C2E978D8E5D}.Release|Any CPU.Build.0 = Release|Any CPU
		{1603B3A1-93D1-4B3D-9D69-4C2E978D8E5D}.Release|Any CPU.Deploy.0 = Release|Any CPU
		{1603B3A1-93D1-4B3D-9D69-4C2E978D8E5D}.Release|ARM.ActiveCfg = Release|Any CPU
		{1603B3A1-93D1-4B3D-9D69-4C2E978D8E5D}.Release|ARM.Build.0 = Release|Any CPU
		{1603B3A1-93D1-4B3D-9D69-4C2E978D8E5D}.Release|ARM.Deploy.0 = Release|Any CPU
		{1603B3A1-93D1-4B3D-9D69-4C2E978D8E5D}.Release|iPhone.ActiveCfg = Release|Any CPU
		{1603B3A1-93D1-4B3D-9D69-4C2E978D8E5D}.Release|iPhone.Build.0 = Release|Any CPU
		{1603B3A1-93D1-4B3D-9D69-4C2E978D8E5D}.Release|iPhone.Deploy.0 = Release|Any CPU
		{1603B3A1-93D1-4B3D-9D69-4C2E978D8E5D}.Release|iPhoneSimulator.ActiveCfg = Release|Any CPU
		{1603B3A1-93D1-4B3D-9D69-4C2E978D8E5D}.Release|iPhoneSimulator.Build.0 = Release|Any CPU
		{1603B3A1-93D1-4B3D-9D69-4C2E978D8E5D}.Release|iPhoneSimulator.Deploy.0 = Release|Any CPU
		{1603B3A1-93D1-4B3D-9D69-4C2E978D8E5D}.Release|x64.ActiveCfg = Release|Any CPU
		{1603B3A1-93D1-4B3D-9D69-4C2E978D8E5D}.Release|x64.Build.0 = Release|Any CPU
		{1603B3A1-93D1-4B3D-9D69-4C2E978D8E5D}.Release|x64.Deploy.0 = Release|Any CPU
		{1603B3A1-93D1-4B3D-9D69-4C2E978D8E5D}.Release|x86.ActiveCfg = Release|Any CPU
		{1603B3A1-93D1-4B3D-9D69-4C2E978D8E5D}.Release|x86.Build.0 = Release|Any CPU
		{1603B3A1-93D1-4B3D-9D69-4C2E978D8E5D}.Release|x86.Deploy.0 = Release|Any CPU
		{EC55710E-20F3-4E76-A05D-11280FDA98B3}.Ad-Hoc|Any CPU.ActiveCfg = Release|Any CPU
		{EC55710E-20F3-4E76-A05D-11280FDA98B3}.Ad-Hoc|Any CPU.Build.0 = Release|Any CPU
		{EC55710E-20F3-4E76-A05D-11280FDA98B3}.Ad-Hoc|ARM.ActiveCfg = Release|Any CPU
		{EC55710E-20F3-4E76-A05D-11280FDA98B3}.Ad-Hoc|ARM.Build.0 = Release|Any CPU
		{EC55710E-20F3-4E76-A05D-11280FDA98B3}.Ad-Hoc|iPhone.ActiveCfg = Release|Any CPU
		{EC55710E-20F3-4E76-A05D-11280FDA98B3}.Ad-Hoc|iPhone.Build.0 = Release|Any CPU
		{EC55710E-20F3-4E76-A05D-11280FDA98B3}.Ad-Hoc|iPhoneSimulator.ActiveCfg = Release|Any CPU
		{EC55710E-20F3-4E76-A05D-11280FDA98B3}.Ad-Hoc|iPhoneSimulator.Build.0 = Release|Any CPU
		{EC55710E-20F3-4E76-A05D-11280FDA98B3}.Ad-Hoc|x64.ActiveCfg = Release|Any CPU
		{EC55710E-20F3-4E76-A05D-11280FDA98B3}.Ad-Hoc|x64.Build.0 = Release|Any CPU
		{EC55710E-20F3-4E76-A05D-11280FDA98B3}.Ad-Hoc|x86.ActiveCfg = Release|Any CPU
		{EC55710E-20F3-4E76-A05D-11280FDA98B3}.Ad-Hoc|x86.Build.0 = Release|Any CPU
		{EC55710E-20F3-4E76-A05D-11280FDA98B3}.AppStore|Any CPU.ActiveCfg = Release|Any CPU
		{EC55710E-20F3-4E76-A05D-11280FDA98B3}.AppStore|Any CPU.Build.0 = Release|Any CPU
		{EC55710E-20F3-4E76-A05D-11280FDA98B3}.AppStore|ARM.ActiveCfg = Release|Any CPU
		{EC55710E-20F3-4E76-A05D-11280FDA98B3}.AppStore|ARM.Build.0 = Release|Any CPU
		{EC55710E-20F3-4E76-A05D-11280FDA98B3}.AppStore|iPhone.ActiveCfg = Release|Any CPU
		{EC55710E-20F3-4E76-A05D-11280FDA98B3}.AppStore|iPhone.Build.0 = Release|Any CPU
		{EC55710E-20F3-4E76-A05D-11280FDA98B3}.AppStore|iPhoneSimulator.ActiveCfg = Release|Any CPU
		{EC55710E-20F3-4E76-A05D-11280FDA98B3}.AppStore|iPhoneSimulator.Build.0 = Release|Any CPU
		{EC55710E-20F3-4E76-A05D-11280FDA98B3}.AppStore|x64.ActiveCfg = Release|Any CPU
		{EC55710E-20F3-4E76-A05D-11280FDA98B3}.AppStore|x64.Build.0 = Release|Any CPU
		{EC55710E-20F3-4E76-A05D-11280FDA98B3}.AppStore|x86.ActiveCfg = Release|Any CPU
		{EC55710E-20F3-4E76-A05D-11280FDA98B3}.AppStore|x86.Build.0 = Release|Any CPU
		{EC55710E-20F3-4E76-A05D-11280FDA98B3}.Debug|Any CPU.ActiveCfg = Debug|Any CPU
		{EC55710E-20F3-4E76-A05D-11280FDA98B3}.Debug|Any CPU.Build.0 = Debug|Any CPU
		{EC55710E-20F3-4E76-A05D-11280FDA98B3}.Debug|ARM.ActiveCfg = Debug|Any CPU
		{EC55710E-20F3-4E76-A05D-11280FDA98B3}.Debug|ARM.Build.0 = Debug|Any CPU
		{EC55710E-20F3-4E76-A05D-11280FDA98B3}.Debug|iPhone.ActiveCfg = Debug|Any CPU
		{EC55710E-20F3-4E76-A05D-11280FDA98B3}.Debug|iPhone.Build.0 = Debug|Any CPU
		{EC55710E-20F3-4E76-A05D-11280FDA98B3}.Debug|iPhoneSimulator.ActiveCfg = Debug|Any CPU
		{EC55710E-20F3-4E76-A05D-11280FDA98B3}.Debug|iPhoneSimulator.Build.0 = Debug|Any CPU
		{EC55710E-20F3-4E76-A05D-11280FDA98B3}.Debug|x64.ActiveCfg = Debug|Any CPU
		{EC55710E-20F3-4E76-A05D-11280FDA98B3}.Debug|x64.Build.0 = Debug|Any CPU
		{EC55710E-20F3-4E76-A05D-11280FDA98B3}.Debug|x86.ActiveCfg = Debug|Any CPU
		{EC55710E-20F3-4E76-A05D-11280FDA98B3}.Debug|x86.Build.0 = Debug|Any CPU
		{EC55710E-20F3-4E76-A05D-11280FDA98B3}.Release|Any CPU.ActiveCfg = Release|Any CPU
		{EC55710E-20F3-4E76-A05D-11280FDA98B3}.Release|Any CPU.Build.0 = Release|Any CPU
		{EC55710E-20F3-4E76-A05D-11280FDA98B3}.Release|ARM.ActiveCfg = Release|Any CPU
		{EC55710E-20F3-4E76-A05D-11280FDA98B3}.Release|ARM.Build.0 = Release|Any CPU
		{EC55710E-20F3-4E76-A05D-11280FDA98B3}.Release|iPhone.ActiveCfg = Release|Any CPU
		{EC55710E-20F3-4E76-A05D-11280FDA98B3}.Release|iPhone.Build.0 = Release|Any CPU
		{EC55710E-20F3-4E76-A05D-11280FDA98B3}.Release|iPhoneSimulator.ActiveCfg = Release|Any CPU
		{EC55710E-20F3-4E76-A05D-11280FDA98B3}.Release|iPhoneSimulator.Build.0 = Release|Any CPU
		{EC55710E-20F3-4E76-A05D-11280FDA98B3}.Release|x64.ActiveCfg = Release|Any CPU
		{EC55710E-20F3-4E76-A05D-11280FDA98B3}.Release|x64.Build.0 = Release|Any CPU
		{EC55710E-20F3-4E76-A05D-11280FDA98B3}.Release|x86.ActiveCfg = Release|Any CPU
		{EC55710E-20F3-4E76-A05D-11280FDA98B3}.Release|x86.Build.0 = Release|Any CPU
	EndGlobalSection
	GlobalSection(SolutionProperties) = preSolution
		HideSolutionNode = FALSE
	EndGlobalSection
	GlobalSection(ExtensibilityGlobals) = postSolution
		SolutionGuid = {4E9FB38C-FFC6-4668-B276-4C26D30F057E}
	EndGlobalSection
EndGlobal
